
Microsoft Visual Studio Solution File, Format Version 12.00
# Visual Studio Version 16
VisualStudioVersion = 16.0.31112.23
MinimumVisualStudioVersion = 10.0.40219.1
Project("{FAE04EC0-301F-11D3-BF4B-00C04F79EFBC}") = "LearningWeb", "LearningWeb\LearningWeb.csproj", "{477EBC2F-FB93-472B-B3F9-D1B2D559BBAE}"
EndProject
Global
	GlobalSection(SolutionConfigurationPlatforms) = preSolution
		Debug|Any CPU = Debug|Any CPU
		Release|Any CPU = Release|Any CPU
	EndGlobalSection
	GlobalSection(ProjectConfigurationPlatforms) = postSolution
		{477EBC2F-FB93-472B-B3F9-D1B2D559BBAE}.Debug|Any CPU.ActiveCfg = Debug|Any CPU
		{477EBC2F-FB93-472B-B3F9-D1B2D559BBAE}.Debug|Any CPU.Build.0 = Debug|Any CPU
		{477EBC2F-FB93-472B-B3F9-D1B2D559BBAE}.Release|Any CPU.ActiveCfg = Release|Any CPU
		{477EBC2F-FB93-472B-B3F9-D1B2D559BBAE}.Release|Any CPU.Build.0 = Release|Any CPU
	EndGlobalSection
	GlobalSection(SolutionProperties) = preSolution
		HideSolutionNode = FALSE
	EndGlobalSection
	GlobalSection(ExtensibilityGlobals) = postSolution
		SolutionGuid = {42968864-CDDC-4E11-9AF5-8DAA5B131F89}
	EndGlobalSection
EndGlobal
